
Microsoft Visual Studio Solution File, Format Version 12.00
# Visual Studio Version 17
VisualStudioVersion = 17.11.35312.102
MinimumVisualStudioVersion = 10.0.40219.1
Project("{FAE04EC0-301F-11D3-BF4B-00C04F79EFBC}") = "PFlyWeight", "Patrón FlyWeight\PFlyWeight\PFlyWeight.csproj", "{AFA0856E-38BC-4A41-B8EF-64042DC3FE89}"
EndProject
Project("{FAE04EC0-301F-11D3-BF4B-00C04F79EFBC}") = "ProyectoSegundoParcial", "ProyectoSegundoParcial\ProyectoSegundoParcial.csproj", "{EB4B0D02-EEAB-4901-84F2-7507149DC2AB}"
EndProject
Global
	GlobalSection(SolutionConfigurationPlatforms) = preSolution
		Debug|Any CPU = Debug|Any CPU
		Release|Any CPU = Release|Any CPU
	EndGlobalSection
	GlobalSection(ProjectConfigurationPlatforms) = postSolution
		{AFA0856E-38BC-4A41-B8EF-64042DC3FE89}.Debug|Any CPU.ActiveCfg = Debug|Any CPU
		{AFA0856E-38BC-4A41-B8EF-64042DC3FE89}.Debug|Any CPU.Build.0 = Debug|Any CPU
		{AFA0856E-38BC-4A41-B8EF-64042DC3FE89}.Release|Any CPU.ActiveCfg = Release|Any CPU
		{AFA0856E-38BC-4A41-B8EF-64042DC3FE89}.Release|Any CPU.Build.0 = Release|Any CPU
		{EB4B0D02-EEAB-4901-84F2-7507149DC2AB}.Debug|Any CPU.ActiveCfg = Debug|Any CPU
		{EB4B0D02-EEAB-4901-84F2-7507149DC2AB}.Debug|Any CPU.Build.0 = Debug|Any CPU
		{EB4B0D02-EEAB-4901-84F2-7507149DC2AB}.Release|Any CPU.ActiveCfg = Release|Any CPU
		{EB4B0D02-EEAB-4901-84F2-7507149DC2AB}.Release|Any CPU.Build.0 = Release|Any CPU
	EndGlobalSection
	GlobalSection(SolutionProperties) = preSolution
		HideSolutionNode = FALSE
	EndGlobalSection
	GlobalSection(ExtensibilityGlobals) = postSolution
		SolutionGuid = {AD402AA9-E65B-45A5-8B1A-4A21268A7BF4}
	EndGlobalSection
EndGlobal
